
Microsoft Visual Studio Solution File, Format Version 12.00
# Visual Studio Version 18
VisualStudioVersion = 18.1.11312.151
MinimumVisualStudioVersion = 10.0.40219.1
Project("{FAE04EC0-301F-11D3-BF4B-00C04F79EFBC}") = "BigShope", "BigShope.csproj", "{5F0D9B3E-7C0A-4B2E-A5E9-6A7D9E7E2B11}"
EndProject
Global
	GlobalSection(SolutionConfigurationPlatforms) = preSolution
		Debug|Any CPU = Debug|Any CPU
		Release|Any CPU = Release|Any CPU
	EndGlobalSection
	GlobalSection(ProjectConfigurationPlatforms) = postSolution
		{5F0D9B3E-7C0A-4B2E-A5E9-6A7D9E7E2B11}.Debug|Any CPU.ActiveCfg = Debug|Any CPU
		{5F0D9B3E-7C0A-4B2E-A5E9-6A7D9E7E2B11}.Debug|Any CPU.Build.0 = Debug|Any CPU
		{5F0D9B3E-7C0A-4B2E-A5E9-6A7D9E7E2B11}.Release|Any CPU.ActiveCfg = Release|Any CPU
		{5F0D9B3E-7C0A-4B2E-A5E9-6A7D9E7E2B11}.Release|Any CPU.Build.0 = Release|Any CPU
	EndGlobalSection
	GlobalSection(SolutionProperties) = preSolution
		HideSolutionNode = FALSE
	EndGlobalSection
	GlobalSection(ExtensibilityGlobals) = postSolution
		SolutionGuid = {CB91B3CF-6AE0-442C-AD27-B7A7B8C83933}
	EndGlobalSection
EndGlobal
